
Microsoft Visual Studio Solution File, Format Version 9.00
# Visual Studio 2005
Project("{E24C65DC-7377-472B-9ABA-BC803B73C61A}") = "E:\...\ShoppingComments\", ".", "{404F0B69-045E-40C0-A15B-984F0C20AE1C}"
	ProjectSection(WebsiteProperties) = preProject
		Debug.AspNetCompiler.VirtualPath = "/ShoppingComments"
		Debug.AspNetCompiler.PhysicalPath = "..\ShoppingComments\"
		Debug.AspNetCompiler.TargetPath = "PrecompiledWeb\ShoppingComments\"
		Debug.AspNetCompiler.Updateable = "true"
		Debug.AspNetCompiler.ForceOverwrite = "true"
		Debug.AspNetCompiler.FixedNames = "false"
		Debug.AspNetCompiler.Debug = "True"
		Release.AspNetCompiler.VirtualPath = "/ShoppingComments"
		Release.AspNetCompiler.PhysicalPath = "..\ShoppingComments\"
		Release.AspNetCompiler.TargetPath = "PrecompiledWeb\ShoppingComments\"
		Release.AspNetCompiler.Updateable = "true"
		Release.AspNetCompiler.ForceOverwrite = "true"
		Release.AspNetCompiler.FixedNames = "false"
		Release.AspNetCompiler.Debug = "False"
		VWDPort = "9564"
	EndProjectSection
EndProject
Global
	GlobalSection(SolutionConfigurationPlatforms) = preSolution
		Debug|.NET = Debug|.NET
	EndGlobalSection
	GlobalSection(ProjectConfigurationPlatforms) = postSolution
		{404F0B69-045E-40C0-A15B-984F0C20AE1C}.Debug|.NET.ActiveCfg = Debug|.NET
		{404F0B69-045E-40C0-A15B-984F0C20AE1C}.Debug|.NET.Build.0 = Debug|.NET
	EndGlobalSection
	GlobalSection(SolutionProperties) = preSolution
		HideSolutionNode = FALSE
	EndGlobalSection
EndGlobal
